// !$*UTF8*$!
{
	archiveVersion = 1;
	classes = {
	};
	objectVersion = 50;
	objects = {

/* Begin PBXBuildFile section */
		F4C690902410BD1E00E33F59 /* AppDelegate.swift in Sources */ = {isa = PBXBuildFile; fileRef = F4C6908F2410BD1E00E33F59 /* AppDelegate.swift */; };
		F4C690922410BD1E00E33F59 /* SceneDelegate.swift in Sources */ = {isa = PBXBuildFile; fileRef = F4C690912410BD1E00E33F59 /* SceneDelegate.swift */; };
		F4C690942410BD1E00E33F59 /* ViewController.swift in Sources */ = {isa = PBXBuildFile; fileRef = F4C690932410BD1E00E33F59 /* ViewController.swift */; };
		F4C690972410BD1E00E33F59 /* Main.storyboard in Resources */ = {isa = PBXBuildFile; fileRef = F4C690952410BD1E00E33F59 /* Main.storyboard */; };
		F4C6909A2410BD1E00E33F59 /* keyboardHide.xcdatamodeld in Sources */ = {isa = PBXBuildFile; fileRef = F4C690982410BD1E00E33F59 /* keyboardHide.xcdatamodeld */; };
		F4C6909C2410BD2000E33F59 /* Assets.xcassets in Resources */ = {isa = PBXBuildFile; fileRef = F4C6909B2410BD2000E33F59 /* Assets.xcassets */; };
		F4C6909F2410BD2000E33F59 /* LaunchScreen.storyboard in Resources */ = {isa = PBXBuildFile; fileRef = F4C6909D2410BD2000E33F59 /* LaunchScreen.storyboard */; };
/* End PBXBuildFile section */

/* Begin PBXFileReference section */
		F4C6908C2410BD1E00E33F59 /* keyboardHide.app */ = {isa = PBXFileReference; explicitFileType = wrapper.application; includeInIndex = 0; path = keyboardHide.app; sourceTree = BUILT_PRODUCTS_DIR; };
		F4C6908F2410BD1E00E33F59 /* AppDelegate.swift */ = {isa = PBXFileReference; lastKnownFileType = sourcecode.swift; path = AppDelegate.swift; sourceTree = "<group>"; };
		F4C690912410BD1E00E33F59 /* SceneDelegate.swift */ = {isa = PBXFileReference; lastKnownFileType = sourcecode.swift; path = SceneDelegate.swift; sourceTree = "<group>"; };
		F4C690932410BD1E00E33F59 /* ViewController.swift */ = {isa = PBXFileReference; lastKnownFileType = sourcecode.swift; path = ViewController.swift; sourceTree = "<group>"; };
		F4C690962410BD1E00E33F59 /* Base */ = {isa = PBXFileReference; lastKnownFileType = file.storyboard; name = Base; path = Base.lproj/Main.storyboard; sourceTree = "<group>"; };
		F4C690992410BD1E00E33F59 /* keyboardHide.xcdatamodel */ = {isa = PBXFileReference; lastKnownFileType = wrapper.xcdatamodel; path = keyboardHide.xcdatamodel; sourceTree = "<group>"; };
		F4C6909B2410BD2000E33F59 /* Assets.xcassets */ = {isa = PBXFileReference; lastKnownFileType = folder.assetcatalog; path = Assets.xcassets; sourceTree = "<group>"; };
		F4C6909E2410BD2000E33F59 /* Base */ = {isa = PBXFileReference; lastKnownFileType = file.storyboard; name = Base; path = Base.lproj/LaunchScreen.storyboard; sourceTree = "<group>"; };
		F4C690A02410BD2000E33F59 /* Info.plist */ = {isa = PBXFileReference; lastKnownFileType = text.plist.xml; path = Info.plist; sourceTree = "<group>"; };
/* End PBXFileReference section */

/* Begin PBXFrameworksBuildPhase section */
		F4C690892410BD1E00E33F59 /* Frameworks */ = {
			isa = PBXFrameworksBuildPhase;
			buildActionMask = 2147483647;
			files = (
			);
			runOnlyForDeploymentPostprocessing = 0;
		};
/* End PBXFrameworksBuildPhase section */

/* Begin PBXGroup section */
		F4C690832410BD1E00E33F59 = {
			isa = PBXGroup;
			children = (
				F4C6908E2410BD1E00E33F59 /* keyboardHide */,
				F4C6908D2410BD1E00E33F59 /* Products */,
			);
			sourceTree = "<group>";
		};
		F4C6908D2410BD1E00E33F59 /* Products */ = {
			isa = PBXGroup;
			children = (
				F4C6908C2410BD1E00E33F59 /* keyboardHide.app */,
			);
			name = Products;
			sourceTree = "<group>";
		};
		F4C6908E2410BD1E00E33F59 /* keyboardHide */ = {
			isa = PBXGroup;
			children = (
				F4C6908F2410BD1E00E33F59 /* AppDelegate.swift */,
				F4C690912410BD1E00E33F59 /* SceneDelegate.swift */,
				F4C690932410BD1E00E33F59 /* ViewController.swift */,
				F4C690952410BD1E00E33F59 /* Main.storyboard */,
				F4C6909B2410BD2000E33F59 /* Assets.xcassets */,
				F4C6909D2410BD2000E33F59 /* LaunchScreen.storyboard */,
				F4C690A02410BD2000E33F59 /* Info.plist */,
				F4C690982410BD1E00E33F59 /* keyboardHide.xcdatamodeld */,
			);
			path = keyboardHide;
			sourceTree = "<group>";
		};
/* End PBXGroup section */

/* Begin PBXNativeTarget section */
		F4C6908B2410BD1E00E33F59 /* keyboardHide */ = {
			isa = PBXNativeTarget;
			buildConfigurationList = F4C690A32410BD2000E33F59 /* Build configuration list for PBXNativeTarget "keyboardHide" */;
			buildPhases = (
				F4C690882410BD1E00E33F59 /* Sources */,
				F4C690892410BD1E00E33F59 /* Frameworks */,
				F4C6908A2410BD1E00E33F59 /* Resources */,
			);
			buildRules = (
			);
			dependencies = (
			);
			name = keyboardHide;
			productName = keyboardHide;
			productReference = F4C6908C2410BD1E00E33F59 /* keyboardHide.app */;
			productType = "com.apple.product-type.application";
		};
/* End PBXNativeTarget section */

/* Begin PBXProject section */
		F4C690842410BD1E00E33F59 /* Project object */ = {
			isa = PBXProject;
			attributes = {
				LastSwiftUpdateCheck = 1130;
				LastUpgradeCheck = 1130;
				ORGANIZATIONNAME = HaqueIT;
				TargetAttributes = {
					F4C6908B2410BD1E00E33F59 = {
						CreatedOnToolsVersion = 11.3.1;
					};
				};
			};
			buildConfigurationList = F4C690872410BD1E00E33F59 /* Build configuration list for PBXProject "keyboardHide" */;
			compatibilityVersion = "Xcode 9.3";
			developmentRegion = en;
			hasScannedForEncodings = 0;
			knownRegions = (
				en,
				Base,
			);
			mainGroup = F4C690832410BD1E00E33F59;
			productRefGroup = F4C6908D2410BD1E00E33F59 /* Products */;
			projectDirPath = "";
			projectRoot = "";
			targets = (
				F4C6908B2410BD1E00E33F59 /* keyboardHide */,
			);
		};
/* End PBXProject section */

/* Begin PBXResourcesBuildPhase section */
		F4C6908A2410BD1E00E33F59 /* Resources */ = {
			isa = PBXResourcesBuildPhase;
			buildActionMask = 2147483647;
			files = (
				F4C6909F2410BD2000E33F59 /* LaunchScreen.storyboard in Resources */,
				F4C6909C2410BD2000E33F59 /* Assets.xcassets in Resources */,
				F4C690972410BD1E00E33F59 /* Main.storyboard in Resources */,
			);
			runOnlyForDeploymentPostprocessing = 0;
		};
/* End PBXResourcesBuildPhase section */

/* Begin PBXSourcesBuildPhase section */
		F4C690882410BD1E00E33F59 /* Sources */ = {
			isa = PBXSourcesBuildPhase;
			buildActionMask = 2147483647;
			files = (
				F4C6909A2410BD1E00E33F59 /* keyboardHide.xcdatamodeld in Sources */,
				F4C690942410BD1E00E33F59 /* ViewController.swift in Sources */,
				F4C690902410BD1E00E33F59 /* AppDelegate.swift in Sources */,
				F4C690922410BD1E00E33F59 /* SceneDelegate.swift in Sources */,
			);
			runOnlyForDeploymentPostprocessing = 0;
		};
/* End PBXSourcesBuildPhase section */

/* Begin PBXVariantGroup section */
		F4C690952410BD1E00E33F59 /* Main.storyboard */ = {
			isa = PBXVariantGroup;
			children = (
				F4C690962410BD1E00E33F59 /* Base */,
			);
			name = Main.storyboard;
			sourceTree = "<group>";
		};
		F4C6909D2410BD2000E33F59 /* LaunchScreen.storyboard */ = {
			isa = PBXVariantGroup;
			children = (
				F4C6909E2410BD2000E33F59 /* Base */,
			);
			name = LaunchScreen.storyboard;
			sourceTree = "<group>";
		};
/* End PBXVariantGroup section */

/* Begin XCBuildConfiguration section */
		F4C690A12410BD2000E33F59 /* Debug */ = {
			isa = XCBuildConfiguration;
			buildSettings = {
				ALWAYS_SEARCH_USER_PATHS = NO;
				CLANG_ANALYZER_NONNULL = YES;
				CLANG_ANALYZER_NUMBER_OBJECT_CONVERSION = YES_AGGRESSIVE;
				CLANG_CXX_LANGUAGE_STANDARD = "gnu++14";
				CLANG_CXX_LIBRARY = "libc++";
				CLANG_ENABLE_MODULES = YES;
				CLANG_ENABLE_OBJC_ARC = YES;
				CLANG_ENABLE_OBJC_WEAK = YES;
				CLANG_WARN_BLOCK_CAPTURE_AUTORELEASING = YES;
				CLANG_WARN_BOOL_CONVERSION = YES;
				CLANG_WARN_COMMA = YES;
				CLANG_WARN_CONSTANT_CONVERSION = YES;
				CLANG_WARN_DEPRECATED_OBJC_IMPLEMENTATIONS = YES;
				CLANG_WARN_DIRECT_OBJC_ISA_USAGE = YES_ERROR;
				CLANG_WARN_DOCUMENTATION_COMMENTS = YES;
				CLANG_WARN_EMPTY_BODY = YES;
				CLANG_WARN_ENUM_CONVERSION = YES;
				CLANG_WARN_INFINITE_RECURSION = YES;
				CLANG_WARN_INT_CONVERSION = YES;
				CLANG_WARN_NON_LITERAL_NULL_CONVERSION = YES;
				CLANG_WARN_OBJC_IMPLICIT_RETAIN_SELF = YES;
				CLANG_WARN_OBJC_LITERAL_CONVERSION = YES;
				CLANG_WARN_OBJC_ROOT_CLASS = YES_ERROR;
				CLANG_WARN_RANGE_LOOP_ANALYSIS = YES;
				CLANG_WARN_STRICT_PROTOTYPES = YES;
				CLANG_WARN_SUSPICIOUS_MOVE = YES;
				CLANG_WARN_UNGUARDED_AVAILABILITY = YES_AGGRESSIVE;
				CLANG_WARN_UNREACHABLE_CODE = YES;
				CLANG_WARN__DUPLICATE_METHOD_MATCH = YES;
				COPY_PHASE_STRIP = NO;
				DEBUG_INFORMATION_FORMAT = dwarf;
				ENABLE_STRICT_OBJC_MSGSEND = YES;
				ENABLE_TESTABILITY = YES;
				GCC_C_LANGUAGE_STANDARD = gnu11;
				GCC_DYNAMIC_NO_PIC = NO;
				GCC_NO_COMMON_BLOCKS = YES;
				GCC_OPTIMIZATION_LEVEL = 0;
				GCC_PREPROCESSOR_DEFINITIONS = (
					"DEBUG=1",
					"$(inherited)",
				);
				GCC_WARN_64_TO_32_BIT_CONVERSION = YES;
				GCC_WARN_ABOUT_RETURN_TYPE = YES_ERROR;
				GCC_WARN_UNDECLARED_SELECTOR = YES;
				GCC_WARN_UNINITIALIZED_AUTOS = YES_AGGRESSIVE;
				GCC_WARN_UNUSED_FUNCTION = YES;
				GCC_WARN_UNUSED_VARIABLE = YES;
				IPHONEOS_DEPLOYMENT_TARGET = 13.2;
				MTL_ENABLE_DEBUG_INFO = INCLUDE_SOURCE;
				MTL_FAST_MATH = YES;
				ONLY_ACTIVE_ARCH = YES;
				SDKROOT = iphoneos;
				SWIFT_ACTIVE_COMPILATION_CONDITIONS = DEBUG;
				SWIFT_OPTIMIZATION_LEVEL = "-Onone";
			};
			name = Debug;
		};
		F4C690A22410BD2000E33F59 /* Release */ = {
			isa = XCBuildConfiguration;
			buildSettings = {
				ALWAYS_SEARCH_USER_PATHS = NO;
				CLANG_ANALYZER_NONNULL = YES;
				CLANG_ANALYZER_NUMBER_OBJECT_CONVERSION = YES_AGGRESSIVE;
				CLANG_CXX_LANGUAGE_STANDARD = "gnu++14";
				CLANG_CXX_LIBRARY = "libc++";
				CLANG_ENABLE_MODULES = YES;
				CLANG_ENABLE_OBJC_ARC = YES;
				CLANG_ENABLE_OBJC_WEAK = YES;
				CLANG_WARN_BLOCK_CAPTURE_AUTORELEASING = YES;
				CLANG_WARN_BOOL_CONVERSION = YES;
				CLANG_WARN_COMMA = YES;
				CLANG_WARN_CONSTANT_CONVERSION = YES;
				CLANG_WARN_DEPRECATED_OBJC_IMPLEMENTATIONS = YES;
				CLANG_WARN_DIRECT_OBJC_ISA_USAGE = YES_ERROR;
				CLANG_WARN_DOCUMENTATION_COMMENTS = YES;
				CLANG_WARN_EMPTY_BODY = YES;
				CLANG_WARN_ENUM_CONVERSION = YES;
				CLANG_WARN_INFINITE_RECURSION = YES;
				CLANG_WARN_INT_CONVERSION = YES;
				CLANG_WARN_NON_LITERAL_NULL_CONVERSION = YES;
				CLANG_WARN_OBJC_IMPLICIT_RETAIN_SELF = YES;
				CLANG_WARN_OBJC_LITERAL_CONVERSION = YES;
				CLANG_WARN_OBJC_ROOT_CLASS = YES_ERROR;
				CLANG_WARN_RANGE_LOOP_ANALYSIS = YES;
				CLANG_WARN_STRICT_PROTOTYPES = YES;
				CLANG_WARN_SUSPICIOUS_MOVE = YES;
				CLANG_WARN_UNGUARDED_AVAILABILITY = YES_AGGRESSIVE;
				CLANG_WARN_UNREACHABLE_CODE = YES;
				CLANG_WARN__DUPLICATE_METHOD_MATCH = YES;
				COPY_PHASE_STRIP = NO;
				DEBUG_INFORMATION_FORMAT = "dwarf-with-dsym";
				ENABLE_NS_ASSERTIONS = NO;
				ENABLE_STRICT_OBJC_MSGSEND = YES;
				GCC_C_LANGUAGE_STANDARD = gnu11;
				GCC_NO_COMMON_BLOCKS = YES;
				GCC_WARN_64_TO_32_BIT_CONVERSION = YES;
				GCC_WARN_ABOUT_RETURN_TYPE = YES_ERROR;
				GCC_WARN_UNDECLARED_SELECTOR = YES;
				GCC_WARN_UNINITIALIZED_AUTOS = YES_AGGRESSIVE;
				GCC_WARN_UNUSED_FUNCTION = YES;
				GCC_WARN_UNUSED_VARIABLE = YES;
				IPHONEOS_DEPLOYMENT_TARGET = 13.2;
				MTL_ENABLE_DEBUG_INFO = NO;
				MTL_FAST_MATH = YES;
				SDKROOT = iphoneos;
				SWIFT_COMPILATION_MODE = wholemodule;
				SWIFT_OPTIMIZATION_LEVEL = "-O";
				VALIDATE_PRODUCT = YES;
			};
			name = Release;
		};
		F4C690A42410BD2000E33F59 /* Debug */ = {
			isa = XCBuildConfiguration;
			buildSettings = {
				ASSETCATALOG_COMPILER_APPICON_NAME = AppIcon;
				CODE_SIGN_STYLE = Automatic;
				INFOPLIST_FILE = keyboardHide/Info.plist;
				LD_RUNPATH_SEARCH_PATHS = (
					"$(inherited)",
					"@executable_path/Frameworks",
				);
				PRODUCT_BUNDLE_IDENTIFIER = com.yumatechnology.bdfleet.keyboardHide;
				PRODUCT_NAME = "$(TARGET_NAME)";
				SWIFT_VERSION = 5.0;
				TARGETED_DEVICE_FAMILY = "1,2";
			};
			name = Debug;
		};
		F4C690A52410BD2000E33F59 /* Release */ = {
			isa = XCBuildConfiguration;
			buildSettings = {
				ASSETCATALOG_COMPILER_APPICON_NAME = AppIcon;
				CODE_SIGN_STYLE = Automatic;
				INFOPLIST_FILE = keyboardHide/Info.plist;
				LD_RUNPATH_SEARCH_PATHS = (
					"$(inherited)",
					"@executable_path/Frameworks",
				);
				PRODUCT_BUNDLE_IDENTIFIER = com.yumatechnology.bdfleet.keyboardHide;
				PRODUCT_NAME = "$(TARGET_NAME)";
				SWIFT_VERSION = 5.0;
				TARGETED_DEVICE_FAMILY = "1,2";
			};
			name = Release;
		};
/* End XCBuildConfiguration section */

/* Begin XCConfigurationList section */
		F4C690872410BD1E00E33F59 /* Build configuration list for PBXProject "keyboardHide" */ = {
			isa = XCConfigurationList;
			buildConfigurations = (
				F4C690A12410BD2000E33F59 /* Debug */,
				F4C690A22410BD2000E33F59 /* Release */,
			);
			defaultConfigurationIsVisible = 0;
			defaultConfigurationName = Release;
		};
		F4C690A32410BD2000E33F59 /* Build configuration list for PBXNativeTarget "keyboardHide" */ = {
			isa = XCConfigurationList;
			buildConfigurations = (
				F4C690A42410BD2000E33F59 /* Debug */,
				F4C690A52410BD2000E33F59 /* Release */,
			);
			defaultConfigurationIsVisible = 0;
			defaultConfigurationName = Release;
		};
/* End XCConfigurationList section */

/* Begin XCVersionGroup section */
		F4C690982410BD1E00E33F59 /* keyboardHide.xcdatamodeld */ = {
			isa = XCVersionGroup;
			children = (
				F4C690992410BD1E00E33F59 /* keyboardHide.xcdatamodel */,
			);
			currentVersion = F4C690992410BD1E00E33F59 /* keyboardHide.xcdatamodel */;
			path = keyboardHide.xcdatamodeld;
			sourceTree = "<group>";
			versionGroupType = wrapper.xcdatamodel;
		};
/* End XCVersionGroup section */
	};
	rootObject = F4C690842410BD1E00E33F59 /* Project object */;
}
